
Microsoft Visual Studio Solution File, Format Version 12.00
# Visual Studio Version 17
VisualStudioVersion = 17.11.35208.52
MinimumVisualStudioVersion = 10.0.40219.1
Project("{9A19103F-16F7-4668-BE54-9A1E7A4F7556}") = "HRMS_PayRoll.DTO", "HRMS_PayRoll.DTO\HRMS_PayRoll.DTO.csproj", "{FF3FB08A-8E8A-4636-AB84-F784279EAFD0}"
EndProject
Project("{9A19103F-16F7-4668-BE54-9A1E7A4F7556}") = "HRMS_PayRoll.Repository", "HRMS_PayRoll.Repository\HRMS_PayRoll.Repository.csproj", "{B44F95AE-B5F7-46C0-A7DF-674FA5E989E1}"
EndProject
Project("{9A19103F-16F7-4668-BE54-9A1E7A4F7556}") = "HRMS_PayRoll.Handler", "HRMS_PayRoll.Handler\HRMS_PayRoll.Handler.csproj", "{403BCD77-7180-469D-9479-3E12167FDB6D}"
EndProject
Project("{9A19103F-16F7-4668-BE54-9A1E7A4F7556}") = "HRMS_PayRoll.AggregateRoot", "HRMS_PayRoll.AggregateRoot\HRMS_PayRoll.AggregateRoot.csproj", "{936F9FF4-7ECD-4BB8-AAC7-0D69BAAFA2BC}"
EndProject
Project("{9A19103F-16F7-4668-BE54-9A1E7A4F7556}") = "HRMS_Payroll.API", "HRMS_Payroll.API\HRMS_Payroll.API.csproj", "{84C9C2E6-9043-4090-91BD-C7836535B4CB}"
EndProject
Global
	GlobalSection(SolutionConfigurationPlatforms) = preSolution
		Debug|Any CPU = Debug|Any CPU
		Release|Any CPU = Release|Any CPU
	EndGlobalSection
	GlobalSection(ProjectConfigurationPlatforms) = postSolution
		{FF3FB08A-8E8A-4636-AB84-F784279EAFD0}.Debug|Any CPU.ActiveCfg = Debug|Any CPU
		{FF3FB08A-8E8A-4636-AB84-F784279EAFD0}.Debug|Any CPU.Build.0 = Debug|Any CPU
		{FF3FB08A-8E8A-4636-AB84-F784279EAFD0}.Release|Any CPU.ActiveCfg = Release|Any CPU
		{FF3FB08A-8E8A-4636-AB84-F784279EAFD0}.Release|Any CPU.Build.0 = Release|Any CPU
		{B44F95AE-B5F7-46C0-A7DF-674FA5E989E1}.Debug|Any CPU.ActiveCfg = Debug|Any CPU
		{B44F95AE-B5F7-46C0-A7DF-674FA5E989E1}.Debug|Any CPU.Build.0 = Debug|Any CPU
		{B44F95AE-B5F7-46C0-A7DF-674FA5E989E1}.Release|Any CPU.ActiveCfg = Release|Any CPU
		{B44F95AE-B5F7-46C0-A7DF-674FA5E989E1}.Release|Any CPU.Build.0 = Release|Any CPU
		{403BCD77-7180-469D-9479-3E12167FDB6D}.Debug|Any CPU.ActiveCfg = Debug|Any CPU
		{403BCD77-7180-469D-9479-3E12167FDB6D}.Debug|Any CPU.Build.0 = Debug|Any CPU
		{403BCD77-7180-469D-9479-3E12167FDB6D}.Release|Any CPU.ActiveCfg = Release|Any CPU
		{403BCD77-7180-469D-9479-3E12167FDB6D}.Release|Any CPU.Build.0 = Release|Any CPU
		{936F9FF4-7ECD-4BB8-AAC7-0D69BAAFA2BC}.Debug|Any CPU.ActiveCfg = Debug|Any CPU
		{936F9FF4-7ECD-4BB8-AAC7-0D69BAAFA2BC}.Debug|Any CPU.Build.0 = Debug|Any CPU
		{936F9FF4-7ECD-4BB8-AAC7-0D69BAAFA2BC}.Release|Any CPU.ActiveCfg = Release|Any CPU
		{936F9FF4-7ECD-4BB8-AAC7-0D69BAAFA2BC}.Release|Any CPU.Build.0 = Release|Any CPU
		{84C9C2E6-9043-4090-91BD-C7836535B4CB}.Debug|Any CPU.ActiveCfg = Debug|Any CPU
		{84C9C2E6-9043-4090-91BD-C7836535B4CB}.Debug|Any CPU.Build.0 = Debug|Any CPU
		{84C9C2E6-9043-4090-91BD-C7836535B4CB}.Release|Any CPU.ActiveCfg = Release|Any CPU
		{84C9C2E6-9043-4090-91BD-C7836535B4CB}.Release|Any CPU.Build.0 = Release|Any CPU
	EndGlobalSection
	GlobalSection(SolutionProperties) = preSolution
		HideSolutionNode = FALSE
	EndGlobalSection
	GlobalSection(ExtensibilityGlobals) = postSolution
		SolutionGuid = {A630748E-4D42-4D41-BD80-689C1D90740C}
	EndGlobalSection
EndGlobal
